{
  "name": "TDI4_G7",
  "lockfileVersion": 3,
  "requires": true,
  "packages": {
    "": {
      "dependencies": {
        "iron-session": "^8.0.3"
      }
    },
    "node_modules/cookie": {
      "version": "0.6.0",
      "resolved": "https://registry.npmjs.org/cookie/-/cookie-0.6.0.tgz",
      "integrity": "sha512-U71cyTamuh1CRNCfpGY6to28lxvNwPG4Guz/EVjgf3Jmzv0vlDp1atT9eS5dDjMYHucpHbWns6Lwf3BKz6svdw==",
      "license": "MIT",
      "engines": {
        "node": ">= 0.6"
      }
    },
    "node_modules/iron-session": {
      "version": "8.0.3",
      "resolved": "https://registry.npmjs.org/iron-session/-/iron-session-8.0.3.tgz",
      "integrity": "sha512-WtDX0griBliMoR6hGoU3SlefW+VSbfHrIVqURQ0Nbg/Pd+nj7VDsKV+sx0FHjyUCaO02YoYV5v+kW0PqvFJISQ==",
      "funding": [
        "https://github.com/sponsors/vvo",
        "https://github.com/sponsors/brc-dd"
      ],
      "license": "MIT",
      "dependencies": {
        "cookie": "0.6.0",
        "iron-webcrypto": "1.2.1",
        "uncrypto": "0.1.3"
      }
    },
    "node_modules/iron-webcrypto": {
      "version": "1.2.1",
      "resolved": "https://registry.npmjs.org/iron-webcrypto/-/iron-webcrypto-1.2.1.tgz",
      "integrity": "sha512-feOM6FaSr6rEABp/eDfVseKyTMDt+KGpeB35SkVn9Tyn0CqvVsY3EwI0v5i8nMHyJnzCIQf7nsy3p41TPkJZhg==",
      "license": "MIT",
      "funding": {
        "url": "https://github.com/sponsors/brc-dd"
      }
    },
    "node_modules/uncrypto": {
      "version": "0.1.3",
      "resolved": "https://registry.npmjs.org/uncrypto/-/uncrypto-0.1.3.tgz",
      "integrity": "sha512-Ql87qFHB3s/De2ClA9e0gsnS6zXG27SkTiSJwjCc9MebbfapQfuPzumMIUMi38ezPZVNFcHI9sUIepeQfw8J8Q==",
      "license": "MIT"
    }
  }
}
